
Microsoft Visual Studio Solution File, Format Version 12.00
# Visual Studio 15
VisualStudioVersion = 15.0.28010.2048
MinimumVisualStudioVersion = 10.0.40219.1
Project("{FAE04EC0-301F-11D3-BF4B-00C04F79EFBC}") = "WinG", "WinG\WinG.csproj", "{63C9AF72-FAFD-48CE-B884-C770F3E59F06}"
EndProject
Global
	GlobalSection(SolutionConfigurationPlatforms) = preSolution
		Debug|Any CPU = Debug|Any CPU
		Release|Any CPU = Release|Any CPU
	EndGlobalSection
	GlobalSection(ProjectConfigurationPlatforms) = postSolution
		{63C9AF72-FAFD-48CE-B884-C770F3E59F06}.Debug|Any CPU.ActiveCfg = Debug|Any CPU
		{63C9AF72-FAFD-48CE-B884-C770F3E59F06}.Debug|Any CPU.Build.0 = Debug|Any CPU
		{63C9AF72-FAFD-48CE-B884-C770F3E59F06}.Release|Any CPU.ActiveCfg = Release|Any CPU
		{63C9AF72-FAFD-48CE-B884-C770F3E59F06}.Release|Any CPU.Build.0 = Release|Any CPU
	EndGlobalSection
	GlobalSection(SolutionProperties) = preSolution
		HideSolutionNode = FALSE
	EndGlobalSection
	GlobalSection(ExtensibilityGlobals) = postSolution
		SolutionGuid = {AD60C453-29FC-47F0-9CAE-D85549969C28}
	EndGlobalSection
EndGlobal
